// !$*UTF8*$!
{
	archiveVersion = 1;
	classes = {
	};
	objectVersion = 53;
	objects = {

/* Begin PBXBuildFile section */
		A401A5D228431AF0008AE223 /* main.cpp in Sources */ = {isa = PBXBuildFile; fileRef = A401A5D128431AF0008AE223 /* main.cpp */; };
		A401A5DC28431B75008AE223 /* glad.c in Sources */ = {isa = PBXBuildFile; fileRef = A401A5DB28431B75008AE223 /* glad.c */; };
		A401A60228432676008AE223 /* AppKit.framework in Frameworks */ = {isa = PBXBuildFile; fileRef = A401A60128432676008AE223 /* AppKit.framework */; };
		A401A60428432680008AE223 /* IOKit.framework in Frameworks */ = {isa = PBXBuildFile; fileRef = A401A60328432680008AE223 /* IOKit.framework */; };
		A401A6062843268C008AE223 /* CoreFoundation.framework in Frameworks */ = {isa = PBXBuildFile; fileRef = A401A6052843268C008AE223 /* CoreFoundation.framework */; };
		A401A60828432697008AE223 /* Foundation.framework in Frameworks */ = {isa = PBXBuildFile; fileRef = A401A60728432697008AE223 /* Foundation.framework */; };
		A401A60A284326A2008AE223 /* CoreGraphics.framework in Frameworks */ = {isa = PBXBuildFile; fileRef = A401A609284326A2008AE223 /* CoreGraphics.framework */; };
		A4107E642843296400A32716 /* libglfw3.a in Frameworks */ = {isa = PBXBuildFile; fileRef = A4107E632843296400A32716 /* libglfw3.a */; };
/* End PBXBuildFile section */

/* Begin PBXCopyFilesBuildPhase section */
		A401A5CC28431AF0008AE223 /* CopyFiles */ = {
			isa = PBXCopyFilesBuildPhase;
			buildActionMask = 2147483647;
			dstPath = /usr/share/man/man1/;
			dstSubfolderSpec = 0;
			files = (
			);
			runOnlyForDeploymentPostprocessing = 1;
		};
		A401A5E128431CA1008AE223 /* Embed Libraries */ = {
			isa = PBXCopyFilesBuildPhase;
			buildActionMask = 2147483647;
			dstPath = "";
			dstSubfolderSpec = 10;
			files = (
			);
			name = "Embed Libraries";
			runOnlyForDeploymentPostprocessing = 0;
		};
/* End PBXCopyFilesBuildPhase section */

/* Begin PBXFileReference section */
		A401A5CE28431AF0008AE223 /* OpenGLProject */ = {isa = PBXFileReference; explicitFileType = "compiled.mach-o.executable"; includeInIndex = 0; path = OpenGLProject; sourceTree = BUILT_PRODUCTS_DIR; };
		A401A5D128431AF0008AE223 /* main.cpp */ = {isa = PBXFileReference; lastKnownFileType = sourcecode.cpp.cpp; path = main.cpp; sourceTree = "<group>"; };
		A401A5D928431B48008AE223 /* OpenGL.framework */ = {isa = PBXFileReference; lastKnownFileType = wrapper.framework; name = OpenGL.framework; path = System/Library/Frameworks/OpenGL.framework; sourceTree = SDKROOT; };
		A401A5DB28431B75008AE223 /* glad.c */ = {isa = PBXFileReference; fileEncoding = 4; lastKnownFileType = sourcecode.c.c; path = glad.c; sourceTree = "<group>"; };
		A401A5DD28431C87008AE223 /* Libararies */ = {isa = PBXFileReference; fileEncoding = 4; lastKnownFileType = text; path = Libararies; sourceTree = SOURCE_ROOT; };
		A401A5DE28431CA0008AE223 /* libglfw.3.3.dylib */ = {isa = PBXFileReference; lastKnownFileType = "compiled.mach-o.dylib"; name = libglfw.3.3.dylib; path = Libararies/Lib/libglfw.3.3.dylib; sourceTree = "<group>"; };
		A401A60128432676008AE223 /* AppKit.framework */ = {isa = PBXFileReference; lastKnownFileType = wrapper.framework; name = AppKit.framework; path = System/Library/Frameworks/AppKit.framework; sourceTree = SDKROOT; };
		A401A60328432680008AE223 /* IOKit.framework */ = {isa = PBXFileReference; lastKnownFileType = wrapper.framework; name = IOKit.framework; path = System/Library/Frameworks/IOKit.framework; sourceTree = SDKROOT; };
		A401A6052843268C008AE223 /* CoreFoundation.framework */ = {isa = PBXFileReference; lastKnownFileType = wrapper.framework; name = CoreFoundation.framework; path = System/Library/Frameworks/CoreFoundation.framework; sourceTree = SDKROOT; };
		A401A60728432697008AE223 /* Foundation.framework */ = {isa = PBXFileReference; lastKnownFileType = wrapper.framework; name = Foundation.framework; path = System/Library/Frameworks/Foundation.framework; sourceTree = SDKROOT; };
		A401A609284326A2008AE223 /* CoreGraphics.framework */ = {isa = PBXFileReference; lastKnownFileType = wrapper.framework; name = CoreGraphics.framework; path = System/Library/Frameworks/CoreGraphics.framework; sourceTree = SDKROOT; };
		A4107E632843296400A32716 /* libglfw3.a */ = {isa = PBXFileReference; lastKnownFileType = archive.ar; name = libglfw3.a; path = Libararies/Lib/libglfw3.a; sourceTree = "<group>"; };
/* End PBXFileReference section */

/* Begin PBXFrameworksBuildPhase section */
		A401A5CB28431AF0008AE223 /* Frameworks */ = {
			isa = PBXFrameworksBuildPhase;
			buildActionMask = 2147483647;
			files = (
				A4107E642843296400A32716 /* libglfw3.a in Frameworks */,
				A401A60A284326A2008AE223 /* CoreGraphics.framework in Frameworks */,
				A401A60828432697008AE223 /* Foundation.framework in Frameworks */,
				A401A6062843268C008AE223 /* CoreFoundation.framework in Frameworks */,
				A401A60428432680008AE223 /* IOKit.framework in Frameworks */,
				A401A60228432676008AE223 /* AppKit.framework in Frameworks */,
			);
			runOnlyForDeploymentPostprocessing = 0;
		};
/* End PBXFrameworksBuildPhase section */

/* Begin PBXGroup section */
		A401A5C528431AF0008AE223 = {
			isa = PBXGroup;
			children = (
				A401A5D028431AF0008AE223 /* OpenGLProject */,
				A401A5CF28431AF0008AE223 /* Products */,
				A401A5D828431B48008AE223 /* Frameworks */,
			);
			sourceTree = "<group>";
		};
		A401A5CF28431AF0008AE223 /* Products */ = {
			isa = PBXGroup;
			children = (
				A401A5CE28431AF0008AE223 /* OpenGLProject */,
			);
			name = Products;
			sourceTree = "<group>";
		};
		A401A5D028431AF0008AE223 /* OpenGLProject */ = {
			isa = PBXGroup;
			children = (
				A401A5DD28431C87008AE223 /* Libararies */,
				A401A5DB28431B75008AE223 /* glad.c */,
				A401A5D128431AF0008AE223 /* main.cpp */,
			);
			path = OpenGLProject;
			sourceTree = "<group>";
		};
		A401A5D828431B48008AE223 /* Frameworks */ = {
			isa = PBXGroup;
			children = (
				A4107E632843296400A32716 /* libglfw3.a */,
				A401A609284326A2008AE223 /* CoreGraphics.framework */,
				A401A60728432697008AE223 /* Foundation.framework */,
				A401A6052843268C008AE223 /* CoreFoundation.framework */,
				A401A60328432680008AE223 /* IOKit.framework */,
				A401A60128432676008AE223 /* AppKit.framework */,
				A401A5DE28431CA0008AE223 /* libglfw.3.3.dylib */,
				A401A5D928431B48008AE223 /* OpenGL.framework */,
			);
			name = Frameworks;
			sourceTree = "<group>";
		};
/* End PBXGroup section */

/* Begin PBXNativeTarget section */
		A401A5CD28431AF0008AE223 /* OpenGLProject */ = {
			isa = PBXNativeTarget;
			buildConfigurationList = A401A5D528431AF0008AE223 /* Build configuration list for PBXNativeTarget "OpenGLProject" */;
			buildPhases = (
				A401A5CA28431AF0008AE223 /* Sources */,
				A401A5CB28431AF0008AE223 /* Frameworks */,
				A401A5CC28431AF0008AE223 /* CopyFiles */,
				A401A5E128431CA1008AE223 /* Embed Libraries */,
			);
			buildRules = (
			);
			dependencies = (
			);
			name = OpenGLProject;
			productName = OpenGLProject;
			productReference = A401A5CE28431AF0008AE223 /* OpenGLProject */;
			productType = "com.apple.product-type.tool";
		};
/* End PBXNativeTarget section */

/* Begin PBXProject section */
		A401A5C628431AF0008AE223 /* Project object */ = {
			isa = PBXProject;
			attributes = {
				BuildIndependentTargetsInParallel = 1;
				LastUpgradeCheck = 1330;
				TargetAttributes = {
					A401A5CD28431AF0008AE223 = {
						CreatedOnToolsVersion = 13.3.1;
					};
				};
			};
			buildConfigurationList = A401A5C928431AF0008AE223 /* Build configuration list for PBXProject "OpenGLProject" */;
			compatibilityVersion = "Xcode 9.3";
			developmentRegion = en;
			hasScannedForEncodings = 0;
			knownRegions = (
				en,
				Base,
			);
			mainGroup = A401A5C528431AF0008AE223;
			productRefGroup = A401A5CF28431AF0008AE223 /* Products */;
			projectDirPath = "";
			projectRoot = "";
			targets = (
				A401A5CD28431AF0008AE223 /* OpenGLProject */,
			);
		};
/* End PBXProject section */

/* Begin PBXSourcesBuildPhase section */
		A401A5CA28431AF0008AE223 /* Sources */ = {
			isa = PBXSourcesBuildPhase;
			buildActionMask = 2147483647;
			files = (
				A401A5D228431AF0008AE223 /* main.cpp in Sources */,
				A401A5DC28431B75008AE223 /* glad.c in Sources */,
			);
			runOnlyForDeploymentPostprocessing = 0;
		};
/* End PBXSourcesBuildPhase section */

/* Begin XCBuildConfiguration section */
		A401A5D328431AF0008AE223 /* Debug */ = {
			isa = XCBuildConfiguration;
			buildSettings = {
				ALWAYS_SEARCH_USER_PATHS = NO;
				CLANG_ANALYZER_NONNULL = YES;
				CLANG_ANALYZER_NUMBER_OBJECT_CONVERSION = YES_AGGRESSIVE;
				CLANG_CXX_LANGUAGE_STANDARD = "gnu++17";
				CLANG_ENABLE_MODULES = YES;
				CLANG_ENABLE_OBJC_ARC = YES;
				CLANG_ENABLE_OBJC_WEAK = YES;
				CLANG_WARN_BLOCK_CAPTURE_AUTORELEASING = YES;
				CLANG_WARN_BOOL_CONVERSION = YES;
				CLANG_WARN_COMMA = YES;
				CLANG_WARN_CONSTANT_CONVERSION = YES;
				CLANG_WARN_DEPRECATED_OBJC_IMPLEMENTATIONS = YES;
				CLANG_WARN_DIRECT_OBJC_ISA_USAGE = YES_ERROR;
				CLANG_WARN_DOCUMENTATION_COMMENTS = YES;
				CLANG_WARN_EMPTY_BODY = YES;
				CLANG_WARN_ENUM_CONVERSION = YES;
				CLANG_WARN_INFINITE_RECURSION = YES;
				CLANG_WARN_INT_CONVERSION = YES;
				CLANG_WARN_NON_LITERAL_NULL_CONVERSION = YES;
				CLANG_WARN_OBJC_IMPLICIT_RETAIN_SELF = YES;
				CLANG_WARN_OBJC_LITERAL_CONVERSION = YES;
				CLANG_WARN_OBJC_ROOT_CLASS = YES_ERROR;
				CLANG_WARN_QUOTED_INCLUDE_IN_FRAMEWORK_HEADER = YES;
				CLANG_WARN_RANGE_LOOP_ANALYSIS = YES;
				CLANG_WARN_STRICT_PROTOTYPES = YES;
				CLANG_WARN_SUSPICIOUS_MOVE = YES;
				CLANG_WARN_UNGUARDED_AVAILABILITY = YES_AGGRESSIVE;
				CLANG_WARN_UNREACHABLE_CODE = YES;
				CLANG_WARN__DUPLICATE_METHOD_MATCH = YES;
				COPY_PHASE_STRIP = NO;
				DEBUG_INFORMATION_FORMAT = dwarf;
				ENABLE_STRICT_OBJC_MSGSEND = YES;
				ENABLE_TESTABILITY = YES;
				GCC_C_LANGUAGE_STANDARD = gnu11;
				GCC_DYNAMIC_NO_PIC = NO;
				GCC_NO_COMMON_BLOCKS = YES;
				GCC_OPTIMIZATION_LEVEL = 0;
				GCC_PREPROCESSOR_DEFINITIONS = (
					"DEBUG=1",
					"$(inherited)",
				);
				GCC_WARN_64_TO_32_BIT_CONVERSION = YES;
				GCC_WARN_ABOUT_RETURN_TYPE = YES_ERROR;
				GCC_WARN_UNDECLARED_SELECTOR = YES;
				GCC_WARN_UNINITIALIZED_AUTOS = YES_AGGRESSIVE;
				GCC_WARN_UNUSED_FUNCTION = YES;
				GCC_WARN_UNUSED_VARIABLE = YES;
				MACOSX_DEPLOYMENT_TARGET = 12.0;
				MTL_ENABLE_DEBUG_INFO = INCLUDE_SOURCE;
				MTL_FAST_MATH = YES;
				ONLY_ACTIVE_ARCH = YES;
				SDKROOT = macosx;
			};
			name = Debug;
		};
		A401A5D428431AF0008AE223 /* Release */ = {
			isa = XCBuildConfiguration;
			buildSettings = {
				ALWAYS_SEARCH_USER_PATHS = NO;
				CLANG_ANALYZER_NONNULL = YES;
				CLANG_ANALYZER_NUMBER_OBJECT_CONVERSION = YES_AGGRESSIVE;
				CLANG_CXX_LANGUAGE_STANDARD = "gnu++17";
				CLANG_ENABLE_MODULES = YES;
				CLANG_ENABLE_OBJC_ARC = YES;
				CLANG_ENABLE_OBJC_WEAK = YES;
				CLANG_WARN_BLOCK_CAPTURE_AUTORELEASING = YES;
				CLANG_WARN_BOOL_CONVERSION = YES;
				CLANG_WARN_COMMA = YES;
				CLANG_WARN_CONSTANT_CONVERSION = YES;
				CLANG_WARN_DEPRECATED_OBJC_IMPLEMENTATIONS = YES;
				CLANG_WARN_DIRECT_OBJC_ISA_USAGE = YES_ERROR;
				CLANG_WARN_DOCUMENTATION_COMMENTS = YES;
				CLANG_WARN_EMPTY_BODY = YES;
				CLANG_WARN_ENUM_CONVERSION = YES;
				CLANG_WARN_INFINITE_RECURSION = YES;
				CLANG_WARN_INT_CONVERSION = YES;
				CLANG_WARN_NON_LITERAL_NULL_CONVERSION = YES;
				CLANG_WARN_OBJC_IMPLICIT_RETAIN_SELF = YES;
				CLANG_WARN_OBJC_LITERAL_CONVERSION = YES;
				CLANG_WARN_OBJC_ROOT_CLASS = YES_ERROR;
				CLANG_WARN_QUOTED_INCLUDE_IN_FRAMEWORK_HEADER = YES;
				CLANG_WARN_RANGE_LOOP_ANALYSIS = YES;
				CLANG_WARN_STRICT_PROTOTYPES = YES;
				CLANG_WARN_SUSPICIOUS_MOVE = YES;
				CLANG_WARN_UNGUARDED_AVAILABILITY = YES_AGGRESSIVE;
				CLANG_WARN_UNREACHABLE_CODE = YES;
				CLANG_WARN__DUPLICATE_METHOD_MATCH = YES;
				COPY_PHASE_STRIP = NO;
				DEBUG_INFORMATION_FORMAT = "dwarf-with-dsym";
				ENABLE_NS_ASSERTIONS = NO;
				ENABLE_STRICT_OBJC_MSGSEND = YES;
				GCC_C_LANGUAGE_STANDARD = gnu11;
				GCC_NO_COMMON_BLOCKS = YES;
				GCC_WARN_64_TO_32_BIT_CONVERSION = YES;
				GCC_WARN_ABOUT_RETURN_TYPE = YES_ERROR;
				GCC_WARN_UNDECLARED_SELECTOR = YES;
				GCC_WARN_UNINITIALIZED_AUTOS = YES_AGGRESSIVE;
				GCC_WARN_UNUSED_FUNCTION = YES;
				GCC_WARN_UNUSED_VARIABLE = YES;
				MACOSX_DEPLOYMENT_TARGET = 12.0;
				MTL_ENABLE_DEBUG_INFO = NO;
				MTL_FAST_MATH = YES;
				SDKROOT = macosx;
			};
			name = Release;
		};
		A401A5D628431AF0008AE223 /* Debug */ = {
			isa = XCBuildConfiguration;
			buildSettings = {
				CODE_SIGN_STYLE = Automatic;
				DEVELOPMENT_TEAM = 5DA8VT6J9F;
				ENABLE_HARDENED_RUNTIME = YES;
				HEADER_SEARCH_PATHS = "$(PROJECT_DIR)/Libararies/include";
				LIBRARY_SEARCH_PATHS = "$(PROJECT_DIR)/Libararies/Lib";
				PRODUCT_NAME = "$(TARGET_NAME)";
			};
			name = Debug;
		};
		A401A5D728431AF0008AE223 /* Release */ = {
			isa = XCBuildConfiguration;
			buildSettings = {
				CODE_SIGN_STYLE = Automatic;
				DEVELOPMENT_TEAM = 5DA8VT6J9F;
				ENABLE_HARDENED_RUNTIME = YES;
				HEADER_SEARCH_PATHS = "$(PROJECT_DIR)/Libararies/include";
				LIBRARY_SEARCH_PATHS = "$(PROJECT_DIR)/Libararies/Lib";
				PRODUCT_NAME = "$(TARGET_NAME)";
			};
			name = Release;
		};
/* End XCBuildConfiguration section */

/* Begin XCConfigurationList section */
		A401A5C928431AF0008AE223 /* Build configuration list for PBXProject "OpenGLProject" */ = {
			isa = XCConfigurationList;
			buildConfigurations = (
				A401A5D328431AF0008AE223 /* Debug */,
				A401A5D428431AF0008AE223 /* Release */,
			);
			defaultConfigurationIsVisible = 0;
			defaultConfigurationName = Release;
		};
		A401A5D528431AF0008AE223 /* Build configuration list for PBXNativeTarget "OpenGLProject" */ = {
			isa = XCConfigurationList;
			buildConfigurations = (
				A401A5D628431AF0008AE223 /* Debug */,
				A401A5D728431AF0008AE223 /* Release */,
			);
			defaultConfigurationIsVisible = 0;
			defaultConfigurationName = Release;
		};
/* End XCConfigurationList section */
	};
	rootObject = A401A5C628431AF0008AE223 /* Project object */;
}
